// !$*UTF8*$!
{
	archiveVersion = 1;
	classes = {
	};
	objectVersion = 55;
	objects = {

/* Begin PBXBuildFile section */
		6301D86129DA98F000C2BF9F /* ExtractedFunctionsBootcamp.swift in Sources */ = {isa = PBXBuildFile; fileRef = 6301D86029DA98F000C2BF9F /* ExtractedFunctionsBootcamp.swift */; };
		6301D86329DAA5F800C2BF9F /* ExtractedSubview.swift in Sources */ = {isa = PBXBuildFile; fileRef = 6301D86229DAA5F800C2BF9F /* ExtractedSubview.swift */; };
		6301D86529DAAF6200C2BF9F /* BindingBootcamp.swift in Sources */ = {isa = PBXBuildFile; fileRef = 6301D86429DAAF6200C2BF9F /* BindingBootcamp.swift */; };
		6301D86729DAC05100C2BF9F /* AnimationBootcamp.swift in Sources */ = {isa = PBXBuildFile; fileRef = 6301D86629DAC05100C2BF9F /* AnimationBootcamp.swift */; };
		6301D86929DAD5B000C2BF9F /* TransitionBootcamp.swift in Sources */ = {isa = PBXBuildFile; fileRef = 6301D86829DAD5B000C2BF9F /* TransitionBootcamp.swift */; };
		6316B48329D599FD006E3238 /* StackBootcamp.swift in Sources */ = {isa = PBXBuildFile; fileRef = 6316B48229D599FD006E3238 /* StackBootcamp.swift */; };
		63599A0829DD3EC500D8FC0D /* AlertBootcamp.swift in Sources */ = {isa = PBXBuildFile; fileRef = 63599A0729DD3EC500D8FC0D /* AlertBootcamp.swift */; };
		63599A0A29DD45A200D8FC0D /* ActionSheetBootcamp.swift in Sources */ = {isa = PBXBuildFile; fileRef = 63599A0929DD45A200D8FC0D /* ActionSheetBootcamp.swift */; };
		63599A0C29DD503400D8FC0D /* ContextMenuBootcamp.swift in Sources */ = {isa = PBXBuildFile; fileRef = 63599A0B29DD503400D8FC0D /* ContextMenuBootcamp.swift */; };
		63599A0E29DD6FAC00D8FC0D /* TextFieldBootcamp.swift in Sources */ = {isa = PBXBuildFile; fileRef = 63599A0D29DD6FAC00D8FC0D /* TextFieldBootcamp.swift */; };
		635FAF9129E7F593006880B2 /* StepperBootcamp.swift in Sources */ = {isa = PBXBuildFile; fileRef = 635FAF9029E7F593006880B2 /* StepperBootcamp.swift */; };
		635FAF9329E7F880006880B2 /* SliderBootcamp.swift in Sources */ = {isa = PBXBuildFile; fileRef = 635FAF9229E7F880006880B2 /* SliderBootcamp.swift */; };
		635FAF9529E7FE37006880B2 /* TabViewBootcamp.swift in Sources */ = {isa = PBXBuildFile; fileRef = 635FAF9429E7FE37006880B2 /* TabViewBootcamp.swift */; };
		635FAF9729E806B3006880B2 /* DarkModeBootcamp.swift in Sources */ = {isa = PBXBuildFile; fileRef = 635FAF9629E806B3006880B2 /* DarkModeBootcamp.swift */; };
		635FAF9929E80BAF006880B2 /* DocumentationBootcamp.swift in Sources */ = {isa = PBXBuildFile; fileRef = 635FAF9829E80BAF006880B2 /* DocumentationBootcamp.swift */; };
		63642B3E29D40AD100031C3B /* SwiftfulThinkingBootcampApp.swift in Sources */ = {isa = PBXBuildFile; fileRef = 63642B3D29D40AD100031C3B /* SwiftfulThinkingBootcampApp.swift */; };
		63642B4029D40AD100031C3B /* ContentView.swift in Sources */ = {isa = PBXBuildFile; fileRef = 63642B3F29D40AD100031C3B /* ContentView.swift */; };
		63642B4229D40AD300031C3B /* Assets.xcassets in Resources */ = {isa = PBXBuildFile; fileRef = 63642B4129D40AD300031C3B /* Assets.xcassets */; };
		63642B4529D40AD300031C3B /* Preview Assets.xcassets in Resources */ = {isa = PBXBuildFile; fileRef = 63642B4429D40AD300031C3B /* Preview Assets.xcassets */; };
		63642B4C29D4125500031C3B /* TextBootcamp.swift in Sources */ = {isa = PBXBuildFile; fileRef = 63642B4B29D4125500031C3B /* TextBootcamp.swift */; };
		63642B4E29D41E0100031C3B /* ShapeCamp.swift in Sources */ = {isa = PBXBuildFile; fileRef = 63642B4D29D41E0100031C3B /* ShapeCamp.swift */; };
		63642B5029D441D600031C3B /* ColorsBootcamp.swift in Sources */ = {isa = PBXBuildFile; fileRef = 63642B4F29D441D600031C3B /* ColorsBootcamp.swift */; };
		63642B5229D44B6800031C3B /* GradientBootcamp.swift in Sources */ = {isa = PBXBuildFile; fileRef = 63642B5129D44B6800031C3B /* GradientBootcamp.swift */; };
		6375981129D5642D00D20BB5 /* FrameBootcamp.swift in Sources */ = {isa = PBXBuildFile; fileRef = 6375981029D5642D00D20BB5 /* FrameBootcamp.swift */; };
		6375981329D57C6700D20BB5 /* BackgroundOverlay.swift in Sources */ = {isa = PBXBuildFile; fileRef = 6375981229D57C6700D20BB5 /* BackgroundOverlay.swift */; };
		639CB1F429D6AEEA0087A6C8 /* ForeachBootcamp.swift in Sources */ = {isa = PBXBuildFile; fileRef = 639CB1F329D6AEEA0087A6C8 /* ForeachBootcamp.swift */; };
		639CB1F629D6CB760087A6C8 /* GridBootcamp.swift in Sources */ = {isa = PBXBuildFile; fileRef = 639CB1F529D6CB760087A6C8 /* GridBootcamp.swift */; };
		639CB1F829D6E0E00087A6C8 /* SafeAreaBootcamp.swift in Sources */ = {isa = PBXBuildFile; fileRef = 639CB1F729D6E0E00087A6C8 /* SafeAreaBootcamp.swift */; };
		639CB1FA29D6EA0D0087A6C8 /* ButtonBootcamp.swift in Sources */ = {isa = PBXBuildFile; fileRef = 639CB1F929D6EA0D0087A6C8 /* ButtonBootcamp.swift */; };
		639CB1FC29D6F1530087A6C8 /* StateBootcamp.swift in Sources */ = {isa = PBXBuildFile; fileRef = 639CB1FB29D6F1530087A6C8 /* StateBootcamp.swift */; };
		63B4B72F29DBFECA0005908E /* SheetBootcamp'.swift in Sources */ = {isa = PBXBuildFile; fileRef = 63B4B72E29DBFECA0005908E /* SheetBootcamp'.swift */; };
		63B4B73129DC069A0005908E /* PopupBootcamp.swift in Sources */ = {isa = PBXBuildFile; fileRef = 63B4B73029DC069A0005908E /* PopupBootcamp.swift */; };
		63B4B73329DC21A20005908E /* NavigationBootcamp.swift in Sources */ = {isa = PBXBuildFile; fileRef = 63B4B73229DC21A20005908E /* NavigationBootcamp.swift */; };
		63B4B73529DC30AD0005908E /* ListBootcamp.swift in Sources */ = {isa = PBXBuildFile; fileRef = 63B4B73429DC30AD0005908E /* ListBootcamp.swift */; };
		63C68B3929DE98C200DB4455 /* ToggleBootcamp.swift in Sources */ = {isa = PBXBuildFile; fileRef = 63C68B3829DE98C200DB4455 /* ToggleBootcamp.swift */; };
		63C68B3B29DE9E9700DB4455 /* PickerBootcamp.swift in Sources */ = {isa = PBXBuildFile; fileRef = 63C68B3A29DE9E9700DB4455 /* PickerBootcamp.swift */; };
		63C68B3D29DEC06500DB4455 /* ColorPickerBootcamp.swift in Sources */ = {isa = PBXBuildFile; fileRef = 63C68B3C29DEC06500DB4455 /* ColorPickerBootcamp.swift */; };
		63C68B4029DEC43E00DB4455 /* DatePickerBootcamp.swift in Sources */ = {isa = PBXBuildFile; fileRef = 63C68B3F29DEC43E00DB4455 /* DatePickerBootcamp.swift */; };
		63DA3FA329E3FDCE00D79B3F /* ShimmerView.swift in Sources */ = {isa = PBXBuildFile; fileRef = 63DA3FA229E3FDCE00D79B3F /* ShimmerView.swift */; };
		63E2A80729DFF06100F04DCB /* GlassmorphismBootcamp.swift in Sources */ = {isa = PBXBuildFile; fileRef = 63E2A80629DFF06100F04DCB /* GlassmorphismBootcamp.swift */; };
		C3F769EA29D4E9750067C679 /* IconsBotcamp.swift in Sources */ = {isa = PBXBuildFile; fileRef = C3F769E929D4E9750067C679 /* IconsBotcamp.swift */; };
		C3F769EC29D4F9500067C679 /* ImageBootcamp.swift in Sources */ = {isa = PBXBuildFile; fileRef = C3F769EB29D4F9500067C679 /* ImageBootcamp.swift */; };
/* End PBXBuildFile section */

/* Begin PBXFileReference section */
		6301D86029DA98F000C2BF9F /* ExtractedFunctionsBootcamp.swift */ = {isa = PBXFileReference; lastKnownFileType = sourcecode.swift; path = ExtractedFunctionsBootcamp.swift; sourceTree = "<group>"; };
		6301D86229DAA5F800C2BF9F /* ExtractedSubview.swift */ = {isa = PBXFileReference; lastKnownFileType = sourcecode.swift; path = ExtractedSubview.swift; sourceTree = "<group>"; };
		6301D86429DAAF6200C2BF9F /* BindingBootcamp.swift */ = {isa = PBXFileReference; lastKnownFileType = sourcecode.swift; path = BindingBootcamp.swift; sourceTree = "<group>"; };
		6301D86629DAC05100C2BF9F /* AnimationBootcamp.swift */ = {isa = PBXFileReference; lastKnownFileType = sourcecode.swift; path = AnimationBootcamp.swift; sourceTree = "<group>"; };
		6301D86829DAD5B000C2BF9F /* TransitionBootcamp.swift */ = {isa = PBXFileReference; lastKnownFileType = sourcecode.swift; path = TransitionBootcamp.swift; sourceTree = "<group>"; };
		6316B48229D599FD006E3238 /* StackBootcamp.swift */ = {isa = PBXFileReference; lastKnownFileType = sourcecode.swift; path = StackBootcamp.swift; sourceTree = "<group>"; };
		63599A0729DD3EC500D8FC0D /* AlertBootcamp.swift */ = {isa = PBXFileReference; lastKnownFileType = sourcecode.swift; path = AlertBootcamp.swift; sourceTree = "<group>"; };
		63599A0929DD45A200D8FC0D /* ActionSheetBootcamp.swift */ = {isa = PBXFileReference; lastKnownFileType = sourcecode.swift; path = ActionSheetBootcamp.swift; sourceTree = "<group>"; };
		63599A0B29DD503400D8FC0D /* ContextMenuBootcamp.swift */ = {isa = PBXFileReference; lastKnownFileType = sourcecode.swift; path = ContextMenuBootcamp.swift; sourceTree = "<group>"; };
		63599A0D29DD6FAC00D8FC0D /* TextFieldBootcamp.swift */ = {isa = PBXFileReference; lastKnownFileType = sourcecode.swift; path = TextFieldBootcamp.swift; sourceTree = "<group>"; };
		635FAF9029E7F593006880B2 /* StepperBootcamp.swift */ = {isa = PBXFileReference; lastKnownFileType = sourcecode.swift; path = StepperBootcamp.swift; sourceTree = "<group>"; };
		635FAF9229E7F880006880B2 /* SliderBootcamp.swift */ = {isa = PBXFileReference; lastKnownFileType = sourcecode.swift; path = SliderBootcamp.swift; sourceTree = "<group>"; };
		635FAF9429E7FE37006880B2 /* TabViewBootcamp.swift */ = {isa = PBXFileReference; lastKnownFileType = sourcecode.swift; path = TabViewBootcamp.swift; sourceTree = "<group>"; };
		635FAF9629E806B3006880B2 /* DarkModeBootcamp.swift */ = {isa = PBXFileReference; lastKnownFileType = sourcecode.swift; path = DarkModeBootcamp.swift; sourceTree = "<group>"; };
		635FAF9829E80BAF006880B2 /* DocumentationBootcamp.swift */ = {isa = PBXFileReference; lastKnownFileType = sourcecode.swift; path = DocumentationBootcamp.swift; sourceTree = "<group>"; };
		63642B3A29D40AD100031C3B /* SwiftfulThinkingBootcamp.app */ = {isa = PBXFileReference; explicitFileType = wrapper.application; includeInIndex = 0; path = SwiftfulThinkingBootcamp.app; sourceTree = BUILT_PRODUCTS_DIR; };
		63642B3D29D40AD100031C3B /* SwiftfulThinkingBootcampApp.swift */ = {isa = PBXFileReference; lastKnownFileType = sourcecode.swift; path = SwiftfulThinkingBootcampApp.swift; sourceTree = "<group>"; };
		63642B3F29D40AD100031C3B /* ContentView.swift */ = {isa = PBXFileReference; lastKnownFileType = sourcecode.swift; path = ContentView.swift; sourceTree = "<group>"; };
		63642B4129D40AD300031C3B /* Assets.xcassets */ = {isa = PBXFileReference; lastKnownFileType = folder.assetcatalog; path = Assets.xcassets; sourceTree = "<group>"; };
		63642B4429D40AD300031C3B /* Preview Assets.xcassets */ = {isa = PBXFileReference; lastKnownFileType = folder.assetcatalog; path = "Preview Assets.xcassets"; sourceTree = "<group>"; };
		63642B4B29D4125500031C3B /* TextBootcamp.swift */ = {isa = PBXFileReference; lastKnownFileType = sourcecode.swift; path = TextBootcamp.swift; sourceTree = "<group>"; };
		63642B4D29D41E0100031C3B /* ShapeCamp.swift */ = {isa = PBXFileReference; lastKnownFileType = sourcecode.swift; path = ShapeCamp.swift; sourceTree = "<group>"; };
		63642B4F29D441D600031C3B /* ColorsBootcamp.swift */ = {isa = PBXFileReference; lastKnownFileType = sourcecode.swift; path = ColorsBootcamp.swift; sourceTree = "<group>"; };
		63642B5129D44B6800031C3B /* GradientBootcamp.swift */ = {isa = PBXFileReference; lastKnownFileType = sourcecode.swift; path = GradientBootcamp.swift; sourceTree = "<group>"; };
		6375981029D5642D00D20BB5 /* FrameBootcamp.swift */ = {isa = PBXFileReference; lastKnownFileType = sourcecode.swift; path = FrameBootcamp.swift; sourceTree = "<group>"; };
		6375981229D57C6700D20BB5 /* BackgroundOverlay.swift */ = {isa = PBXFileReference; lastKnownFileType = sourcecode.swift; path = BackgroundOverlay.swift; sourceTree = "<group>"; };
		639CB1F329D6AEEA0087A6C8 /* ForeachBootcamp.swift */ = {isa = PBXFileReference; lastKnownFileType = sourcecode.swift; path = ForeachBootcamp.swift; sourceTree = "<group>"; };
		639CB1F529D6CB760087A6C8 /* GridBootcamp.swift */ = {isa = PBXFileReference; lastKnownFileType = sourcecode.swift; path = GridBootcamp.swift; sourceTree = "<group>"; };
		639CB1F729D6E0E00087A6C8 /* SafeAreaBootcamp.swift */ = {isa = PBXFileReference; lastKnownFileType = sourcecode.swift; path = SafeAreaBootcamp.swift; sourceTree = "<group>"; };
		639CB1F929D6EA0D0087A6C8 /* ButtonBootcamp.swift */ = {isa = PBXFileReference; lastKnownFileType = sourcecode.swift; path = ButtonBootcamp.swift; sourceTree = "<group>"; };
		639CB1FB29D6F1530087A6C8 /* StateBootcamp.swift */ = {isa = PBXFileReference; lastKnownFileType = sourcecode.swift; path = StateBootcamp.swift; sourceTree = "<group>"; };
		63B4B72E29DBFECA0005908E /* SheetBootcamp'.swift */ = {isa = PBXFileReference; lastKnownFileType = sourcecode.swift; path = "SheetBootcamp'.swift"; sourceTree = "<group>"; };
		63B4B73029DC069A0005908E /* PopupBootcamp.swift */ = {isa = PBXFileReference; lastKnownFileType = sourcecode.swift; path = PopupBootcamp.swift; sourceTree = "<group>"; };
		63B4B73229DC21A20005908E /* NavigationBootcamp.swift */ = {isa = PBXFileReference; lastKnownFileType = sourcecode.swift; path = NavigationBootcamp.swift; sourceTree = "<group>"; };
		63B4B73429DC30AD0005908E /* ListBootcamp.swift */ = {isa = PBXFileReference; lastKnownFileType = sourcecode.swift; path = ListBootcamp.swift; sourceTree = "<group>"; };
		63C68B3829DE98C200DB4455 /* ToggleBootcamp.swift */ = {isa = PBXFileReference; lastKnownFileType = sourcecode.swift; path = ToggleBootcamp.swift; sourceTree = "<group>"; };
		63C68B3A29DE9E9700DB4455 /* PickerBootcamp.swift */ = {isa = PBXFileReference; lastKnownFileType = sourcecode.swift; path = PickerBootcamp.swift; sourceTree = "<group>"; };
		63C68B3C29DEC06500DB4455 /* ColorPickerBootcamp.swift */ = {isa = PBXFileReference; lastKnownFileType = sourcecode.swift; path = ColorPickerBootcamp.swift; sourceTree = "<group>"; };
		63C68B3F29DEC43E00DB4455 /* DatePickerBootcamp.swift */ = {isa = PBXFileReference; lastKnownFileType = sourcecode.swift; path = DatePickerBootcamp.swift; sourceTree = "<group>"; };
		63DA3FA229E3FDCE00D79B3F /* ShimmerView.swift */ = {isa = PBXFileReference; lastKnownFileType = sourcecode.swift; path = ShimmerView.swift; sourceTree = "<group>"; };
		63E2A80629DFF06100F04DCB /* GlassmorphismBootcamp.swift */ = {isa = PBXFileReference; lastKnownFileType = sourcecode.swift; path = GlassmorphismBootcamp.swift; sourceTree = "<group>"; };
		C3F769E929D4E9750067C679 /* IconsBotcamp.swift */ = {isa = PBXFileReference; lastKnownFileType = sourcecode.swift; path = IconsBotcamp.swift; sourceTree = "<group>"; };
		C3F769EB29D4F9500067C679 /* ImageBootcamp.swift */ = {isa = PBXFileReference; lastKnownFileType = sourcecode.swift; path = ImageBootcamp.swift; sourceTree = "<group>"; };
/* End PBXFileReference section */

/* Begin PBXFrameworksBuildPhase section */
		63642B3729D40AD100031C3B /* Frameworks */ = {
			isa = PBXFrameworksBuildPhase;
			buildActionMask = 2147483647;
			files = (
			);
			runOnlyForDeploymentPostprocessing = 0;
		};
/* End PBXFrameworksBuildPhase section */

/* Begin PBXGroup section */
		63642B3129D40AD100031C3B = {
			isa = PBXGroup;
			children = (
				63642B3C29D40AD100031C3B /* SwiftfulThinkingBootcamp */,
				63642B3B29D40AD100031C3B /* Products */,
			);
			sourceTree = "<group>";
		};
		63642B3B29D40AD100031C3B /* Products */ = {
			isa = PBXGroup;
			children = (
				63642B3A29D40AD100031C3B /* SwiftfulThinkingBootcamp.app */,
			);
			name = Products;
			sourceTree = "<group>";
		};
		63642B3C29D40AD100031C3B /* SwiftfulThinkingBootcamp */ = {
			isa = PBXGroup;
			children = (
				63CDA5AF29E026E4004382F8 /* KavsoftWatch */,
				63642B3D29D40AD100031C3B /* SwiftfulThinkingBootcampApp.swift */,
				63642B3F29D40AD100031C3B /* ContentView.swift */,
				63642B4B29D4125500031C3B /* TextBootcamp.swift */,
				63642B4F29D441D600031C3B /* ColorsBootcamp.swift */,
				63642B5129D44B6800031C3B /* GradientBootcamp.swift */,
				6375981229D57C6700D20BB5 /* BackgroundOverlay.swift */,
				6316B48229D599FD006E3238 /* StackBootcamp.swift */,
				639CB1F329D6AEEA0087A6C8 /* ForeachBootcamp.swift */,
				639CB1F529D6CB760087A6C8 /* GridBootcamp.swift */,
				639CB1F729D6E0E00087A6C8 /* SafeAreaBootcamp.swift */,
				639CB1F929D6EA0D0087A6C8 /* ButtonBootcamp.swift */,
				639CB1FB29D6F1530087A6C8 /* StateBootcamp.swift */,
				6301D86029DA98F000C2BF9F /* ExtractedFunctionsBootcamp.swift */,
				6301D86229DAA5F800C2BF9F /* ExtractedSubview.swift */,
				6301D86429DAAF6200C2BF9F /* BindingBootcamp.swift */,
				6301D86629DAC05100C2BF9F /* AnimationBootcamp.swift */,
				6301D86829DAD5B000C2BF9F /* TransitionBootcamp.swift */,
				63B4B72E29DBFECA0005908E /* SheetBootcamp'.swift */,
				63B4B73029DC069A0005908E /* PopupBootcamp.swift */,
				63B4B73229DC21A20005908E /* NavigationBootcamp.swift */,
				63B4B73429DC30AD0005908E /* ListBootcamp.swift */,
				C3F769E929D4E9750067C679 /* IconsBotcamp.swift */,
				C3F769EB29D4F9500067C679 /* ImageBootcamp.swift */,
				63642B4D29D41E0100031C3B /* ShapeCamp.swift */,
				6375981029D5642D00D20BB5 /* FrameBootcamp.swift */,
				63599A0729DD3EC500D8FC0D /* AlertBootcamp.swift */,
				63599A0929DD45A200D8FC0D /* ActionSheetBootcamp.swift */,
				63599A0B29DD503400D8FC0D /* ContextMenuBootcamp.swift */,
				63599A0D29DD6FAC00D8FC0D /* TextFieldBootcamp.swift */,
				63C68B3829DE98C200DB4455 /* ToggleBootcamp.swift */,
				63C68B3A29DE9E9700DB4455 /* PickerBootcamp.swift */,
				63C68B3C29DEC06500DB4455 /* ColorPickerBootcamp.swift */,
				63C68B3F29DEC43E00DB4455 /* DatePickerBootcamp.swift */,
				63E2A80629DFF06100F04DCB /* GlassmorphismBootcamp.swift */,
				63DA3FA229E3FDCE00D79B3F /* ShimmerView.swift */,
				635FAF9029E7F593006880B2 /* StepperBootcamp.swift */,
				635FAF9229E7F880006880B2 /* SliderBootcamp.swift */,
				635FAF9429E7FE37006880B2 /* TabViewBootcamp.swift */,
				635FAF9629E806B3006880B2 /* DarkModeBootcamp.swift */,
				635FAF9829E80BAF006880B2 /* DocumentationBootcamp.swift */,
				63642B4129D40AD300031C3B /* Assets.xcassets */,
				63642B4329D40AD300031C3B /* Preview Content */,
			);
			path = SwiftfulThinkingBootcamp;
			sourceTree = "<group>";
		};
		63642B4329D40AD300031C3B /* Preview Content */ = {
			isa = PBXGroup;
			children = (
				63642B4429D40AD300031C3B /* Preview Assets.xcassets */,
			);
			path = "Preview Content";
			sourceTree = "<group>";
		};
		63CDA5AF29E026E4004382F8 /* KavsoftWatch */ = {
			isa = PBXGroup;
			children = (
			);
			path = KavsoftWatch;
			sourceTree = "<group>";
		};
/* End PBXGroup section */

/* Begin PBXNativeTarget section */
		63642B3929D40AD100031C3B /* SwiftfulThinkingBootcamp */ = {
			isa = PBXNativeTarget;
			buildConfigurationList = 63642B4829D40AD300031C3B /* Build configuration list for PBXNativeTarget "SwiftfulThinkingBootcamp" */;
			buildPhases = (
				63642B3629D40AD100031C3B /* Sources */,
				63642B3729D40AD100031C3B /* Frameworks */,
				63642B3829D40AD100031C3B /* Resources */,
			);
			buildRules = (
			);
			dependencies = (
			);
			name = SwiftfulThinkingBootcamp;
			productName = SwiftfulThinkingBootcamp;
			productReference = 63642B3A29D40AD100031C3B /* SwiftfulThinkingBootcamp.app */;
			productType = "com.apple.product-type.application";
		};
/* End PBXNativeTarget section */

/* Begin PBXProject section */
		63642B3229D40AD100031C3B /* Project object */ = {
			isa = PBXProject;
			attributes = {
				BuildIndependentTargetsInParallel = 1;
				LastSwiftUpdateCheck = 1320;
				LastUpgradeCheck = 1320;
				TargetAttributes = {
					63642B3929D40AD100031C3B = {
						CreatedOnToolsVersion = 13.2.1;
					};
				};
			};
			buildConfigurationList = 63642B3529D40AD100031C3B /* Build configuration list for PBXProject "SwiftfulThinkingBootcamp" */;
			compatibilityVersion = "Xcode 13.0";
			developmentRegion = en;
			hasScannedForEncodings = 0;
			knownRegions = (
				en,
				Base,
			);
			mainGroup = 63642B3129D40AD100031C3B;
			productRefGroup = 63642B3B29D40AD100031C3B /* Products */;
			projectDirPath = "";
			projectRoot = "";
			targets = (
				63642B3929D40AD100031C3B /* SwiftfulThinkingBootcamp */,
			);
		};
/* End PBXProject section */

/* Begin PBXResourcesBuildPhase section */
		63642B3829D40AD100031C3B /* Resources */ = {
			isa = PBXResourcesBuildPhase;
			buildActionMask = 2147483647;
			files = (
				63642B4529D40AD300031C3B /* Preview Assets.xcassets in Resources */,
				63642B4229D40AD300031C3B /* Assets.xcassets in Resources */,
			);
			runOnlyForDeploymentPostprocessing = 0;
		};
/* End PBXResourcesBuildPhase section */

/* Begin PBXSourcesBuildPhase section */
		63642B3629D40AD100031C3B /* Sources */ = {
			isa = PBXSourcesBuildPhase;
			buildActionMask = 2147483647;
			files = (
				6375981329D57C6700D20BB5 /* BackgroundOverlay.swift in Sources */,
				639CB1F629D6CB760087A6C8 /* GridBootcamp.swift in Sources */,
				63642B5029D441D600031C3B /* ColorsBootcamp.swift in Sources */,
				6301D86729DAC05100C2BF9F /* AnimationBootcamp.swift in Sources */,
				635FAF9729E806B3006880B2 /* DarkModeBootcamp.swift in Sources */,
				63642B4E29D41E0100031C3B /* ShapeCamp.swift in Sources */,
				6301D86329DAA5F800C2BF9F /* ExtractedSubview.swift in Sources */,
				63C68B3D29DEC06500DB4455 /* ColorPickerBootcamp.swift in Sources */,
				63C68B3929DE98C200DB4455 /* ToggleBootcamp.swift in Sources */,
				639CB1FC29D6F1530087A6C8 /* StateBootcamp.swift in Sources */,
				63599A0C29DD503400D8FC0D /* ContextMenuBootcamp.swift in Sources */,
				63599A0829DD3EC500D8FC0D /* AlertBootcamp.swift in Sources */,
				6375981129D5642D00D20BB5 /* FrameBootcamp.swift in Sources */,
				635FAF9929E80BAF006880B2 /* DocumentationBootcamp.swift in Sources */,
				63642B4029D40AD100031C3B /* ContentView.swift in Sources */,
				63599A0A29DD45A200D8FC0D /* ActionSheetBootcamp.swift in Sources */,
				639CB1F429D6AEEA0087A6C8 /* ForeachBootcamp.swift in Sources */,
				6301D86529DAAF6200C2BF9F /* BindingBootcamp.swift in Sources */,
				639CB1FA29D6EA0D0087A6C8 /* ButtonBootcamp.swift in Sources */,
				635FAF9529E7FE37006880B2 /* TabViewBootcamp.swift in Sources */,
				63DA3FA329E3FDCE00D79B3F /* ShimmerView.swift in Sources */,
				635FAF9329E7F880006880B2 /* SliderBootcamp.swift in Sources */,
				6301D86929DAD5B000C2BF9F /* TransitionBootcamp.swift in Sources */,
				63642B4C29D4125500031C3B /* TextBootcamp.swift in Sources */,
				63B4B72F29DBFECA0005908E /* SheetBootcamp'.swift in Sources */,
				63B4B73529DC30AD0005908E /* ListBootcamp.swift in Sources */,
				63642B5229D44B6800031C3B /* GradientBootcamp.swift in Sources */,
				63B4B73329DC21A20005908E /* NavigationBootcamp.swift in Sources */,
				635FAF9129E7F593006880B2 /* StepperBootcamp.swift in Sources */,
				6316B48329D599FD006E3238 /* StackBootcamp.swift in Sources */,
				639CB1F829D6E0E00087A6C8 /* SafeAreaBootcamp.swift in Sources */,
				C3F769EA29D4E9750067C679 /* IconsBotcamp.swift in Sources */,
				C3F769EC29D4F9500067C679 /* ImageBootcamp.swift in Sources */,
				63C68B4029DEC43E00DB4455 /* DatePickerBootcamp.swift in Sources */,
				63599A0E29DD6FAC00D8FC0D /* TextFieldBootcamp.swift in Sources */,
				63C68B3B29DE9E9700DB4455 /* PickerBootcamp.swift in Sources */,
				63E2A80729DFF06100F04DCB /* GlassmorphismBootcamp.swift in Sources */,
				63B4B73129DC069A0005908E /* PopupBootcamp.swift in Sources */,
				6301D86129DA98F000C2BF9F /* ExtractedFunctionsBootcamp.swift in Sources */,
				63642B3E29D40AD100031C3B /* SwiftfulThinkingBootcampApp.swift in Sources */,
			);
			runOnlyForDeploymentPostprocessing = 0;
		};
/* End PBXSourcesBuildPhase section */

/* Begin XCBuildConfiguration section */
		63642B4629D40AD300031C3B /* Debug */ = {
			isa = XCBuildConfiguration;
			buildSettings = {
				ALWAYS_SEARCH_USER_PATHS = NO;
				CLANG_ANALYZER_NONNULL = YES;
				CLANG_ANALYZER_NUMBER_OBJECT_CONVERSION = YES_AGGRESSIVE;
				CLANG_CXX_LANGUAGE_STANDARD = "gnu++17";
				CLANG_CXX_LIBRARY = "libc++";
				CLANG_ENABLE_MODULES = YES;
				CLANG_ENABLE_OBJC_ARC = YES;
				CLANG_ENABLE_OBJC_WEAK = YES;
				CLANG_WARN_BLOCK_CAPTURE_AUTORELEASING = YES;
				CLANG_WARN_BOOL_CONVERSION = YES;
				CLANG_WARN_COMMA = YES;
				CLANG_WARN_CONSTANT_CONVERSION = YES;
				CLANG_WARN_DEPRECATED_OBJC_IMPLEMENTATIONS = YES;
				CLANG_WARN_DIRECT_OBJC_ISA_USAGE = YES_ERROR;
				CLANG_WARN_DOCUMENTATION_COMMENTS = YES;
				CLANG_WARN_EMPTY_BODY = YES;
				CLANG_WARN_ENUM_CONVERSION = YES;
				CLANG_WARN_INFINITE_RECURSION = YES;
				CLANG_WARN_INT_CONVERSION = YES;
				CLANG_WARN_NON_LITERAL_NULL_CONVERSION = YES;
				CLANG_WARN_OBJC_IMPLICIT_RETAIN_SELF = YES;
				CLANG_WARN_OBJC_LITERAL_CONVERSION = YES;
				CLANG_WARN_OBJC_ROOT_CLASS = YES_ERROR;
				CLANG_WARN_QUOTED_INCLUDE_IN_FRAMEWORK_HEADER = YES;
				CLANG_WARN_RANGE_LOOP_ANALYSIS = YES;
				CLANG_WARN_STRICT_PROTOTYPES = YES;
				CLANG_WARN_SUSPICIOUS_MOVE = YES;
				CLANG_WARN_UNGUARDED_AVAILABILITY = YES_AGGRESSIVE;
				CLANG_WARN_UNREACHABLE_CODE = YES;
				CLANG_WARN__DUPLICATE_METHOD_MATCH = YES;
				COPY_PHASE_STRIP = NO;
				DEBUG_INFORMATION_FORMAT = dwarf;
				ENABLE_STRICT_OBJC_MSGSEND = YES;
				ENABLE_TESTABILITY = YES;
				GCC_C_LANGUAGE_STANDARD = gnu11;
				GCC_DYNAMIC_NO_PIC = NO;
				GCC_NO_COMMON_BLOCKS = YES;
				GCC_OPTIMIZATION_LEVEL = 0;
				GCC_PREPROCESSOR_DEFINITIONS = (
					"DEBUG=1",
					"$(inherited)",
				);
				GCC_WARN_64_TO_32_BIT_CONVERSION = YES;
				GCC_WARN_ABOUT_RETURN_TYPE = YES_ERROR;
				GCC_WARN_UNDECLARED_SELECTOR = YES;
				GCC_WARN_UNINITIALIZED_AUTOS = YES_AGGRESSIVE;
				GCC_WARN_UNUSED_FUNCTION = YES;
				GCC_WARN_UNUSED_VARIABLE = YES;
				IPHONEOS_DEPLOYMENT_TARGET = 15.2;
				MTL_ENABLE_DEBUG_INFO = INCLUDE_SOURCE;
				MTL_FAST_MATH = YES;
				ONLY_ACTIVE_ARCH = YES;
				SDKROOT = iphoneos;
				SWIFT_ACTIVE_COMPILATION_CONDITIONS = DEBUG;
				SWIFT_OPTIMIZATION_LEVEL = "-Onone";
			};
			name = Debug;
		};
		63642B4729D40AD300031C3B /* Release */ = {
			isa = XCBuildConfiguration;
			buildSettings = {
				ALWAYS_SEARCH_USER_PATHS = NO;
				CLANG_ANALYZER_NONNULL = YES;
				CLANG_ANALYZER_NUMBER_OBJECT_CONVERSION = YES_AGGRESSIVE;
				CLANG_CXX_LANGUAGE_STANDARD = "gnu++17";
				CLANG_CXX_LIBRARY = "libc++";
				CLANG_ENABLE_MODULES = YES;
				CLANG_ENABLE_OBJC_ARC = YES;
				CLANG_ENABLE_OBJC_WEAK = YES;
				CLANG_WARN_BLOCK_CAPTURE_AUTORELEASING = YES;
				CLANG_WARN_BOOL_CONVERSION = YES;
				CLANG_WARN_COMMA = YES;
				CLANG_WARN_CONSTANT_CONVERSION = YES;
				CLANG_WARN_DEPRECATED_OBJC_IMPLEMENTATIONS = YES;
				CLANG_WARN_DIRECT_OBJC_ISA_USAGE = YES_ERROR;
				CLANG_WARN_DOCUMENTATION_COMMENTS = YES;
				CLANG_WARN_EMPTY_BODY = YES;
				CLANG_WARN_ENUM_CONVERSION = YES;
				CLANG_WARN_INFINITE_RECURSION = YES;
				CLANG_WARN_INT_CONVERSION = YES;
				CLANG_WARN_NON_LITERAL_NULL_CONVERSION = YES;
				CLANG_WARN_OBJC_IMPLICIT_RETAIN_SELF = YES;
				CLANG_WARN_OBJC_LITERAL_CONVERSION = YES;
				CLANG_WARN_OBJC_ROOT_CLASS = YES_ERROR;
				CLANG_WARN_QUOTED_INCLUDE_IN_FRAMEWORK_HEADER = YES;
				CLANG_WARN_RANGE_LOOP_ANALYSIS = YES;
				CLANG_WARN_STRICT_PROTOTYPES = YES;
				CLANG_WARN_SUSPICIOUS_MOVE = YES;
				CLANG_WARN_UNGUARDED_AVAILABILITY = YES_AGGRESSIVE;
				CLANG_WARN_UNREACHABLE_CODE = YES;
				CLANG_WARN__DUPLICATE_METHOD_MATCH = YES;
				COPY_PHASE_STRIP = NO;
				DEBUG_INFORMATION_FORMAT = "dwarf-with-dsym";
				ENABLE_NS_ASSERTIONS = NO;
				ENABLE_STRICT_OBJC_MSGSEND = YES;
				GCC_C_LANGUAGE_STANDARD = gnu11;
				GCC_NO_COMMON_BLOCKS = YES;
				GCC_WARN_64_TO_32_BIT_CONVERSION = YES;
				GCC_WARN_ABOUT_RETURN_TYPE = YES_ERROR;
				GCC_WARN_UNDECLARED_SELECTOR = YES;
				GCC_WARN_UNINITIALIZED_AUTOS = YES_AGGRESSIVE;
				GCC_WARN_UNUSED_FUNCTION = YES;
				GCC_WARN_UNUSED_VARIABLE = YES;
				IPHONEOS_DEPLOYMENT_TARGET = 15.2;
				MTL_ENABLE_DEBUG_INFO = NO;
				MTL_FAST_MATH = YES;
				SDKROOT = iphoneos;
				SWIFT_COMPILATION_MODE = wholemodule;
				SWIFT_OPTIMIZATION_LEVEL = "-O";
				VALIDATE_PRODUCT = YES;
			};
			name = Release;
		};
		63642B4929D40AD300031C3B /* Debug */ = {
			isa = XCBuildConfiguration;
			buildSettings = {
				ASSETCATALOG_COMPILER_APPICON_NAME = AppIcon;
				ASSETCATALOG_COMPILER_GLOBAL_ACCENT_COLOR_NAME = AccentColor;
				CODE_SIGN_STYLE = Automatic;
				CURRENT_PROJECT_VERSION = 1;
				DEVELOPMENT_ASSET_PATHS = "\"SwiftfulThinkingBootcamp/Preview Content\"";
				ENABLE_PREVIEWS = YES;
				GENERATE_INFOPLIST_FILE = YES;
				INFOPLIST_KEY_UIApplicationSceneManifest_Generation = YES;
				INFOPLIST_KEY_UIApplicationSupportsIndirectInputEvents = YES;
				INFOPLIST_KEY_UILaunchScreen_Generation = YES;
				INFOPLIST_KEY_UISupportedInterfaceOrientations_iPad = "UIInterfaceOrientationPortrait UIInterfaceOrientationPortraitUpsideDown UIInterfaceOrientationLandscapeLeft UIInterfaceOrientationLandscapeRight";
				INFOPLIST_KEY_UISupportedInterfaceOrientations_iPhone = "UIInterfaceOrientationPortrait UIInterfaceOrientationLandscapeLeft UIInterfaceOrientationLandscapeRight";
				LD_RUNPATH_SEARCH_PATHS = (
					"$(inherited)",
					"@executable_path/Frameworks",
				);
				MARKETING_VERSION = 1.0;
				PRODUCT_BUNDLE_IDENTIFIER = com.rahi.SwiftfulThinkingBootcamp;
				PRODUCT_NAME = "$(TARGET_NAME)";
				SWIFT_EMIT_LOC_STRINGS = YES;
				SWIFT_VERSION = 5.0;
				TARGETED_DEVICE_FAMILY = "1,2";
			};
			name = Debug;
		};
		63642B4A29D40AD300031C3B /* Release */ = {
			isa = XCBuildConfiguration;
			buildSettings = {
				ASSETCATALOG_COMPILER_APPICON_NAME = AppIcon;
				ASSETCATALOG_COMPILER_GLOBAL_ACCENT_COLOR_NAME = AccentColor;
				CODE_SIGN_STYLE = Automatic;
				CURRENT_PROJECT_VERSION = 1;
				DEVELOPMENT_ASSET_PATHS = "\"SwiftfulThinkingBootcamp/Preview Content\"";
				ENABLE_PREVIEWS = YES;
				GENERATE_INFOPLIST_FILE = YES;
				INFOPLIST_KEY_UIApplicationSceneManifest_Generation = YES;
				INFOPLIST_KEY_UIApplicationSupportsIndirectInputEvents = YES;
				INFOPLIST_KEY_UILaunchScreen_Generation = YES;
				INFOPLIST_KEY_UISupportedInterfaceOrientations_iPad = "UIInterfaceOrientationPortrait UIInterfaceOrientationPortraitUpsideDown UIInterfaceOrientationLandscapeLeft UIInterfaceOrientationLandscapeRight";
				INFOPLIST_KEY_UISupportedInterfaceOrientations_iPhone = "UIInterfaceOrientationPortrait UIInterfaceOrientationLandscapeLeft UIInterfaceOrientationLandscapeRight";
				LD_RUNPATH_SEARCH_PATHS = (
					"$(inherited)",
					"@executable_path/Frameworks",
				);
				MARKETING_VERSION = 1.0;
				PRODUCT_BUNDLE_IDENTIFIER = com.rahi.SwiftfulThinkingBootcamp;
				PRODUCT_NAME = "$(TARGET_NAME)";
				SWIFT_EMIT_LOC_STRINGS = YES;
				SWIFT_VERSION = 5.0;
				TARGETED_DEVICE_FAMILY = "1,2";
			};
			name = Release;
		};
/* End XCBuildConfiguration section */

/* Begin XCConfigurationList section */
		63642B3529D40AD100031C3B /* Build configuration list for PBXProject "SwiftfulThinkingBootcamp" */ = {
			isa = XCConfigurationList;
			buildConfigurations = (
				63642B4629D40AD300031C3B /* Debug */,
				63642B4729D40AD300031C3B /* Release */,
			);
			defaultConfigurationIsVisible = 0;
			defaultConfigurationName = Release;
		};
		63642B4829D40AD300031C3B /* Build configuration list for PBXNativeTarget "SwiftfulThinkingBootcamp" */ = {
			isa = XCConfigurationList;
			buildConfigurations = (
				63642B4929D40AD300031C3B /* Debug */,
				63642B4A29D40AD300031C3B /* Release */,
			);
			defaultConfigurationIsVisible = 0;
			defaultConfigurationName = Release;
		};
/* End XCConfigurationList section */
	};
	rootObject = 63642B3229D40AD100031C3B /* Project object */;
}
